
Microsoft Visual Studio Solution File, Format Version 12.00
# Visual Studio Version 17
VisualStudioVersion = 17.8.34330.188
MinimumVisualStudioVersion = 10.0.40219.1
Project("{FAE04EC0-301F-11D3-BF4B-00C04F79EFBC}") = "microsoftLearnExercise11", "microsoftLearnExercise11\microsoftLearnExercise11.csproj", "{3023E071-AB1F-422C-BF7F-61EDA86C9C47}"
EndProject
Global
	GlobalSection(SolutionConfigurationPlatforms) = preSolution
		Debug|Any CPU = Debug|Any CPU
		Release|Any CPU = Release|Any CPU
	EndGlobalSection
	GlobalSection(ProjectConfigurationPlatforms) = postSolution
		{3023E071-AB1F-422C-BF7F-61EDA86C9C47}.Debug|Any CPU.ActiveCfg = Debug|Any CPU
		{3023E071-AB1F-422C-BF7F-61EDA86C9C47}.Debug|Any CPU.Build.0 = Debug|Any CPU
		{3023E071-AB1F-422C-BF7F-61EDA86C9C47}.Release|Any CPU.ActiveCfg = Release|Any CPU
		{3023E071-AB1F-422C-BF7F-61EDA86C9C47}.Release|Any CPU.Build.0 = Release|Any CPU
	EndGlobalSection
	GlobalSection(SolutionProperties) = preSolution
		HideSolutionNode = FALSE
	EndGlobalSection
	GlobalSection(ExtensibilityGlobals) = postSolution
		SolutionGuid = {0DE8CA1A-3139-4700-B482-BE1E534F64D4}
	EndGlobalSection
EndGlobal
